
Microsoft Visual Studio Solution File, Format Version 12.00
# Visual Studio Version 17
VisualStudioVersion = 17.12.36330.24
MinimumVisualStudioVersion = 10.0.40219.1
Project("{FAE04EC0-301F-11D3-BF4B-00C04F79EFBC}") = "SortingProject", "SortingProject\SortingProject.csproj", "{36AC8F1A-1ADC-4712-A054-111F2D3EEBE2}"
EndProject
Project("{FAE04EC0-301F-11D3-BF4B-00C04F79EFBC}") = "SortingProject.Tests", "..\SortingProject.Tests\SortingProject.Tests\SortingProject.Tests.csproj", "{E24599D2-3F6E-448F-8C40-A82FA568E02E}"
EndProject
Global
	GlobalSection(SolutionConfigurationPlatforms) = preSolution
		Debug|Any CPU = Debug|Any CPU
		Release|Any CPU = Release|Any CPU
	EndGlobalSection
	GlobalSection(ProjectConfigurationPlatforms) = postSolution
		{36AC8F1A-1ADC-4712-A054-111F2D3EEBE2}.Debug|Any CPU.ActiveCfg = Debug|Any CPU
		{36AC8F1A-1ADC-4712-A054-111F2D3EEBE2}.Debug|Any CPU.Build.0 = Debug|Any CPU
		{36AC8F1A-1ADC-4712-A054-111F2D3EEBE2}.Release|Any CPU.ActiveCfg = Release|Any CPU
		{36AC8F1A-1ADC-4712-A054-111F2D3EEBE2}.Release|Any CPU.Build.0 = Release|Any CPU
		{E24599D2-3F6E-448F-8C40-A82FA568E02E}.Debug|Any CPU.ActiveCfg = Debug|Any CPU
		{E24599D2-3F6E-448F-8C40-A82FA568E02E}.Debug|Any CPU.Build.0 = Debug|Any CPU
		{E24599D2-3F6E-448F-8C40-A82FA568E02E}.Release|Any CPU.ActiveCfg = Release|Any CPU
		{E24599D2-3F6E-448F-8C40-A82FA568E02E}.Release|Any CPU.Build.0 = Release|Any CPU
	EndGlobalSection
	GlobalSection(SolutionProperties) = preSolution
		HideSolutionNode = FALSE
	EndGlobalSection
EndGlobal
